// !$*UTF8*$!
{
	archiveVersion = 1;
	classes = {
	};
	objectVersion = 55;
	objects = {

/* Begin PBXBuildFile section */
		95ECCF3275C27107D7E9463B /* Pods_FlixterTests.framework in Frameworks */ = {isa = PBXBuildFile; fileRef = C6CA87E7ED1ABCC549209A29 /* Pods_FlixterTests.framework */; };
		AB63176668CAF0814B678D3E /* Pods_Flixter_FlixterUITests.framework in Frameworks */ = {isa = PBXBuildFile; fileRef = 015166DF23D677A5F87FBDE5 /* Pods_Flixter_FlixterUITests.framework */; };
		BF85ECCD85439FED651C950C /* Pods_Flixter.framework in Frameworks */ = {isa = PBXBuildFile; fileRef = F19E3B00C63FFF71EA5B8135 /* Pods_Flixter.framework */; };
		F303F519285D435E00920069 /* MovieCollectionViewController.m in Sources */ = {isa = PBXBuildFile; fileRef = F303F518285D435E00920069 /* MovieCollectionViewController.m */; };
		F303F51C285D44C200920069 /* CollectionViewMovieCell.m in Sources */ = {isa = PBXBuildFile; fileRef = F303F51B285D44C200920069 /* CollectionViewMovieCell.m */; };
		F33BC0BA2860EBAF00B6EF2F /* ViewController.m in Sources */ = {isa = PBXBuildFile; fileRef = F33BC0B92860EBAF00B6EF2F /* ViewController.m */; };
		F3E36A7A285D002800748940 /* InfoPageViewController.m in Sources */ = {isa = PBXBuildFile; fileRef = F3E36A79285D002800748940 /* InfoPageViewController.m */; };
		F3EC440A285A48A900EC1F97 /* AppDelegate.m in Sources */ = {isa = PBXBuildFile; fileRef = F3EC4409285A48A900EC1F97 /* AppDelegate.m */; };
		F3EC440D285A48A900EC1F97 /* SceneDelegate.m in Sources */ = {isa = PBXBuildFile; fileRef = F3EC440C285A48A900EC1F97 /* SceneDelegate.m */; };
		F3EC4413285A48A900EC1F97 /* Main.storyboard in Resources */ = {isa = PBXBuildFile; fileRef = F3EC4411285A48A900EC1F97 /* Main.storyboard */; };
		F3EC4415285A48AB00EC1F97 /* Assets.xcassets in Resources */ = {isa = PBXBuildFile; fileRef = F3EC4414285A48AB00EC1F97 /* Assets.xcassets */; };
		F3EC4418285A48AB00EC1F97 /* LaunchScreen.storyboard in Resources */ = {isa = PBXBuildFile; fileRef = F3EC4416285A48AB00EC1F97 /* LaunchScreen.storyboard */; };
		F3EC441B285A48AB00EC1F97 /* main.m in Sources */ = {isa = PBXBuildFile; fileRef = F3EC441A285A48AB00EC1F97 /* main.m */; };
		F3EC4425285A48AB00EC1F97 /* FlixterTests.m in Sources */ = {isa = PBXBuildFile; fileRef = F3EC4424285A48AB00EC1F97 /* FlixterTests.m */; };
		F3EC442F285A48AB00EC1F97 /* FlixterUITests.m in Sources */ = {isa = PBXBuildFile; fileRef = F3EC442E285A48AB00EC1F97 /* FlixterUITests.m */; };
		F3EC4431285A48AB00EC1F97 /* FlixterUITestsLaunchTests.m in Sources */ = {isa = PBXBuildFile; fileRef = F3EC4430285A48AB00EC1F97 /* FlixterUITestsLaunchTests.m */; };
		F3FBFA24285CE9F400EE309D /* MovieCell.m in Sources */ = {isa = PBXBuildFile; fileRef = F3FBFA23285CE9F400EE309D /* MovieCell.m */; };
/* End PBXBuildFile section */

/* Begin PBXContainerItemProxy section */
		F3EC4421285A48AB00EC1F97 /* PBXContainerItemProxy */ = {
			isa = PBXContainerItemProxy;
			containerPortal = F3EC43FD285A48A900EC1F97 /* Project object */;
			proxyType = 1;
			remoteGlobalIDString = F3EC4404285A48A900EC1F97;
			remoteInfo = Flixter;
		};
		F3EC442B285A48AB00EC1F97 /* PBXContainerItemProxy */ = {
			isa = PBXContainerItemProxy;
			containerPortal = F3EC43FD285A48A900EC1F97 /* Project object */;
			proxyType = 1;
			remoteGlobalIDString = F3EC4404285A48A900EC1F97;
			remoteInfo = Flixter;
		};
/* End PBXContainerItemProxy section */

/* Begin PBXFileReference section */
		015166DF23D677A5F87FBDE5 /* Pods_Flixter_FlixterUITests.framework */ = {isa = PBXFileReference; explicitFileType = wrapper.framework; includeInIndex = 0; path = Pods_Flixter_FlixterUITests.framework; sourceTree = BUILT_PRODUCTS_DIR; };
		0A8C1EF3FA3D6E578982291F /* Pods-FlixterTests.debug.xcconfig */ = {isa = PBXFileReference; includeInIndex = 1; lastKnownFileType = text.xcconfig; name = "Pods-FlixterTests.debug.xcconfig"; path = "Target Support Files/Pods-FlixterTests/Pods-FlixterTests.debug.xcconfig"; sourceTree = "<group>"; };
		15D1C0A90C8575DA46646333 /* Pods-FlixterTests.release.xcconfig */ = {isa = PBXFileReference; includeInIndex = 1; lastKnownFileType = text.xcconfig; name = "Pods-FlixterTests.release.xcconfig"; path = "Target Support Files/Pods-FlixterTests/Pods-FlixterTests.release.xcconfig"; sourceTree = "<group>"; };
		48CF6B74D00EFDA6078B3A1A /* Pods-Flixter.release.xcconfig */ = {isa = PBXFileReference; includeInIndex = 1; lastKnownFileType = text.xcconfig; name = "Pods-Flixter.release.xcconfig"; path = "Target Support Files/Pods-Flixter/Pods-Flixter.release.xcconfig"; sourceTree = "<group>"; };
		572FF28F9E4D8C4E0476CE19 /* Pods-Flixter-FlixterUITests.debug.xcconfig */ = {isa = PBXFileReference; includeInIndex = 1; lastKnownFileType = text.xcconfig; name = "Pods-Flixter-FlixterUITests.debug.xcconfig"; path = "Target Support Files/Pods-Flixter-FlixterUITests/Pods-Flixter-FlixterUITests.debug.xcconfig"; sourceTree = "<group>"; };
		5AA50C01C23C54DC21D9E457 /* Pods-Flixter.debug.xcconfig */ = {isa = PBXFileReference; includeInIndex = 1; lastKnownFileType = text.xcconfig; name = "Pods-Flixter.debug.xcconfig"; path = "Target Support Files/Pods-Flixter/Pods-Flixter.debug.xcconfig"; sourceTree = "<group>"; };
		C6CA87E7ED1ABCC549209A29 /* Pods_FlixterTests.framework */ = {isa = PBXFileReference; explicitFileType = wrapper.framework; includeInIndex = 0; path = Pods_FlixterTests.framework; sourceTree = BUILT_PRODUCTS_DIR; };
		F19E3B00C63FFF71EA5B8135 /* Pods_Flixter.framework */ = {isa = PBXFileReference; explicitFileType = wrapper.framework; includeInIndex = 0; path = Pods_Flixter.framework; sourceTree = BUILT_PRODUCTS_DIR; };
		F303F517285D435E00920069 /* MovieCollectionViewController.h */ = {isa = PBXFileReference; lastKnownFileType = sourcecode.c.h; path = MovieCollectionViewController.h; sourceTree = "<group>"; };
		F303F518285D435E00920069 /* MovieCollectionViewController.m */ = {isa = PBXFileReference; lastKnownFileType = sourcecode.c.objc; path = MovieCollectionViewController.m; sourceTree = "<group>"; };
		F303F51A285D44C200920069 /* CollectionViewMovieCell.h */ = {isa = PBXFileReference; lastKnownFileType = sourcecode.c.h; path = CollectionViewMovieCell.h; sourceTree = "<group>"; };
		F303F51B285D44C200920069 /* CollectionViewMovieCell.m */ = {isa = PBXFileReference; lastKnownFileType = sourcecode.c.objc; path = CollectionViewMovieCell.m; sourceTree = "<group>"; };
		F310D435285BED6B00412E3F /* MovieViewController.h */ = {isa = PBXFileReference; lastKnownFileType = sourcecode.c.h; path = MovieViewController.h; sourceTree = "<group>"; };
		F310D436285BED6B00412E3F /* MovieViewController.m */ = {isa = PBXFileReference; lastKnownFileType = sourcecode.c.objc; path = MovieViewController.m; sourceTree = "<group>"; };
		F33BC0B82860EBAF00B6EF2F /* ViewController.h */ = {isa = PBXFileReference; lastKnownFileType = sourcecode.c.h; path = ViewController.h; sourceTree = "<group>"; };
		F33BC0B92860EBAF00B6EF2F /* ViewController.m */ = {isa = PBXFileReference; lastKnownFileType = sourcecode.c.objc; path = ViewController.m; sourceTree = "<group>"; };
		F3E36A78285D002800748940 /* InfoPageViewController.h */ = {isa = PBXFileReference; lastKnownFileType = sourcecode.c.h; path = InfoPageViewController.h; sourceTree = "<group>"; };
		F3E36A79285D002800748940 /* InfoPageViewController.m */ = {isa = PBXFileReference; lastKnownFileType = sourcecode.c.objc; path = InfoPageViewController.m; sourceTree = "<group>"; };
		F3EC4405285A48A900EC1F97 /* Flixter.app */ = {isa = PBXFileReference; explicitFileType = wrapper.application; includeInIndex = 0; path = Flixter.app; sourceTree = BUILT_PRODUCTS_DIR; };
		F3EC4408285A48A900EC1F97 /* AppDelegate.h */ = {isa = PBXFileReference; lastKnownFileType = sourcecode.c.h; path = AppDelegate.h; sourceTree = "<group>"; };
		F3EC4409285A48A900EC1F97 /* AppDelegate.m */ = {isa = PBXFileReference; lastKnownFileType = sourcecode.c.objc; path = AppDelegate.m; sourceTree = "<group>"; };
		F3EC440B285A48A900EC1F97 /* SceneDelegate.h */ = {isa = PBXFileReference; lastKnownFileType = sourcecode.c.h; path = SceneDelegate.h; sourceTree = "<group>"; };
		F3EC440C285A48A900EC1F97 /* SceneDelegate.m */ = {isa = PBXFileReference; lastKnownFileType = sourcecode.c.objc; path = SceneDelegate.m; sourceTree = "<group>"; };
		F3EC4412285A48A900EC1F97 /* Base */ = {isa = PBXFileReference; lastKnownFileType = file.storyboard; name = Base; path = Base.lproj/Main.storyboard; sourceTree = "<group>"; };
		F3EC4414285A48AB00EC1F97 /* Assets.xcassets */ = {isa = PBXFileReference; lastKnownFileType = folder.assetcatalog; path = Assets.xcassets; sourceTree = "<group>"; };
		F3EC4417285A48AB00EC1F97 /* Base */ = {isa = PBXFileReference; lastKnownFileType = file.storyboard; name = Base; path = Base.lproj/LaunchScreen.storyboard; sourceTree = "<group>"; };
		F3EC4419285A48AB00EC1F97 /* Info.plist */ = {isa = PBXFileReference; lastKnownFileType = text.plist.xml; path = Info.plist; sourceTree = "<group>"; };
		F3EC441A285A48AB00EC1F97 /* main.m */ = {isa = PBXFileReference; lastKnownFileType = sourcecode.c.objc; path = main.m; sourceTree = "<group>"; };
		F3EC4420285A48AB00EC1F97 /* FlixterTests.xctest */ = {isa = PBXFileReference; explicitFileType = wrapper.cfbundle; includeInIndex = 0; path = FlixterTests.xctest; sourceTree = BUILT_PRODUCTS_DIR; };
		F3EC4424285A48AB00EC1F97 /* FlixterTests.m */ = {isa = PBXFileReference; lastKnownFileType = sourcecode.c.objc; path = FlixterTests.m; sourceTree = "<group>"; };
		F3EC442A285A48AB00EC1F97 /* FlixterUITests.xctest */ = {isa = PBXFileReference; explicitFileType = wrapper.cfbundle; includeInIndex = 0; path = FlixterUITests.xctest; sourceTree = BUILT_PRODUCTS_DIR; };
		F3EC442E285A48AB00EC1F97 /* FlixterUITests.m */ = {isa = PBXFileReference; lastKnownFileType = sourcecode.c.objc; path = FlixterUITests.m; sourceTree = "<group>"; };
		F3EC4430285A48AB00EC1F97 /* FlixterUITestsLaunchTests.m */ = {isa = PBXFileReference; lastKnownFileType = sourcecode.c.objc; path = FlixterUITestsLaunchTests.m; sourceTree = "<group>"; };
		F3FBFA22285CE9F400EE309D /* MovieCell.h */ = {isa = PBXFileReference; lastKnownFileType = sourcecode.c.h; path = MovieCell.h; sourceTree = "<group>"; };
		F3FBFA23285CE9F400EE309D /* MovieCell.m */ = {isa = PBXFileReference; lastKnownFileType = sourcecode.c.objc; path = MovieCell.m; sourceTree = "<group>"; };
		F6D8E757B91564E4E5DE6228 /* Pods-Flixter-FlixterUITests.release.xcconfig */ = {isa = PBXFileReference; includeInIndex = 1; lastKnownFileType = text.xcconfig; name = "Pods-Flixter-FlixterUITests.release.xcconfig"; path = "Target Support Files/Pods-Flixter-FlixterUITests/Pods-Flixter-FlixterUITests.release.xcconfig"; sourceTree = "<group>"; };
/* End PBXFileReference section */

/* Begin PBXFrameworksBuildPhase section */
		F3EC4402285A48A900EC1F97 /* Frameworks */ = {
			isa = PBXFrameworksBuildPhase;
			buildActionMask = 2147483647;
			files = (
				BF85ECCD85439FED651C950C /* Pods_Flixter.framework in Frameworks */,
			);
			runOnlyForDeploymentPostprocessing = 0;
		};
		F3EC441D285A48AB00EC1F97 /* Frameworks */ = {
			isa = PBXFrameworksBuildPhase;
			buildActionMask = 2147483647;
			files = (
				95ECCF3275C27107D7E9463B /* Pods_FlixterTests.framework in Frameworks */,
			);
			runOnlyForDeploymentPostprocessing = 0;
		};
		F3EC4427285A48AB00EC1F97 /* Frameworks */ = {
			isa = PBXFrameworksBuildPhase;
			buildActionMask = 2147483647;
			files = (
				AB63176668CAF0814B678D3E /* Pods_Flixter_FlixterUITests.framework in Frameworks */,
			);
			runOnlyForDeploymentPostprocessing = 0;
		};
/* End PBXFrameworksBuildPhase section */

/* Begin PBXGroup section */
		9A86774CF3D27FEF2E9C3EE5 /* Frameworks */ = {
			isa = PBXGroup;
			children = (
				F19E3B00C63FFF71EA5B8135 /* Pods_Flixter.framework */,
				015166DF23D677A5F87FBDE5 /* Pods_Flixter_FlixterUITests.framework */,
				C6CA87E7ED1ABCC549209A29 /* Pods_FlixterTests.framework */,
			);
			name = Frameworks;
			sourceTree = "<group>";
		};
		9ADD26A87EDEDA538081AC00 /* Pods */ = {
			isa = PBXGroup;
			children = (
				5AA50C01C23C54DC21D9E457 /* Pods-Flixter.debug.xcconfig */,
				48CF6B74D00EFDA6078B3A1A /* Pods-Flixter.release.xcconfig */,
				572FF28F9E4D8C4E0476CE19 /* Pods-Flixter-FlixterUITests.debug.xcconfig */,
				F6D8E757B91564E4E5DE6228 /* Pods-Flixter-FlixterUITests.release.xcconfig */,
				0A8C1EF3FA3D6E578982291F /* Pods-FlixterTests.debug.xcconfig */,
				15D1C0A90C8575DA46646333 /* Pods-FlixterTests.release.xcconfig */,
			);
			path = Pods;
			sourceTree = "<group>";
		};
		F3EC43FC285A48A900EC1F97 = {
			isa = PBXGroup;
			children = (
				F3EC4407285A48A900EC1F97 /* Flixter */,
				F3EC4423285A48AB00EC1F97 /* FlixterTests */,
				F3EC442D285A48AB00EC1F97 /* FlixterUITests */,
				F3EC4406285A48A900EC1F97 /* Products */,
				9ADD26A87EDEDA538081AC00 /* Pods */,
				9A86774CF3D27FEF2E9C3EE5 /* Frameworks */,
			);
			sourceTree = "<group>";
		};
		F3EC4406285A48A900EC1F97 /* Products */ = {
			isa = PBXGroup;
			children = (
				F3EC4405285A48A900EC1F97 /* Flixter.app */,
				F3EC4420285A48AB00EC1F97 /* FlixterTests.xctest */,
				F3EC442A285A48AB00EC1F97 /* FlixterUITests.xctest */,
			);
			name = Products;
			sourceTree = "<group>";
		};
		F3EC4407285A48A900EC1F97 /* Flixter */ = {
			isa = PBXGroup;
			children = (
				F3EC4408285A48A900EC1F97 /* AppDelegate.h */,
				F3EC4409285A48A900EC1F97 /* AppDelegate.m */,
				F3EC440B285A48A900EC1F97 /* SceneDelegate.h */,
				F3EC440C285A48A900EC1F97 /* SceneDelegate.m */,
				F3EC4411285A48A900EC1F97 /* Main.storyboard */,
				F303F51A285D44C200920069 /* CollectionViewMovieCell.h */,
				F303F51B285D44C200920069 /* CollectionViewMovieCell.m */,
				F303F517285D435E00920069 /* MovieCollectionViewController.h */,
				F303F518285D435E00920069 /* MovieCollectionViewController.m */,
				F310D435285BED6B00412E3F /* MovieViewController.h */,
				F310D436285BED6B00412E3F /* MovieViewController.m */,
				F33BC0B82860EBAF00B6EF2F /* ViewController.h */,
				F33BC0B92860EBAF00B6EF2F /* ViewController.m */,
				F3E36A78285D002800748940 /* InfoPageViewController.h */,
				F3E36A79285D002800748940 /* InfoPageViewController.m */,
				F3FBFA22285CE9F400EE309D /* MovieCell.h */,
				F3FBFA23285CE9F400EE309D /* MovieCell.m */,
				F3EC4414285A48AB00EC1F97 /* Assets.xcassets */,
				F3EC4416285A48AB00EC1F97 /* LaunchScreen.storyboard */,
				F3EC4419285A48AB00EC1F97 /* Info.plist */,
				F3EC441A285A48AB00EC1F97 /* main.m */,
			);
			path = Flixter;
			sourceTree = "<group>";
		};
		F3EC4423285A48AB00EC1F97 /* FlixterTests */ = {
			isa = PBXGroup;
			children = (
				F3EC4424285A48AB00EC1F97 /* FlixterTests.m */,
			);
			path = FlixterTests;
			sourceTree = "<group>";
		};
		F3EC442D285A48AB00EC1F97 /* FlixterUITests */ = {
			isa = PBXGroup;
			children = (
				F3EC442E285A48AB00EC1F97 /* FlixterUITests.m */,
				F3EC4430285A48AB00EC1F97 /* FlixterUITestsLaunchTests.m */,
			);
			path = FlixterUITests;
			sourceTree = "<group>";
		};
/* End PBXGroup section */

/* Begin PBXNativeTarget section */
		F3EC4404285A48A900EC1F97 /* Flixter */ = {
			isa = PBXNativeTarget;
			buildConfigurationList = F3EC4434285A48AB00EC1F97 /* Build configuration list for PBXNativeTarget "Flixter" */;
			buildPhases = (
				421F28A0F1F55206463E5068 /* [CP] Check Pods Manifest.lock */,
				F3EC4401285A48A900EC1F97 /* Sources */,
				F3EC4402285A48A900EC1F97 /* Frameworks */,
				F3EC4403285A48A900EC1F97 /* Resources */,
				B3496861EE90FC16AAFFDF29 /* [CP] Embed Pods Frameworks */,
			);
			buildRules = (
			);
			dependencies = (
			);
			name = Flixter;
			productName = Flixter;
			productReference = F3EC4405285A48A900EC1F97 /* Flixter.app */;
			productType = "com.apple.product-type.application";
		};
		F3EC441F285A48AB00EC1F97 /* FlixterTests */ = {
			isa = PBXNativeTarget;
			buildConfigurationList = F3EC4437285A48AB00EC1F97 /* Build configuration list for PBXNativeTarget "FlixterTests" */;
			buildPhases = (
				014CC721DA9861A12B088BAE /* [CP] Check Pods Manifest.lock */,
				F3EC441C285A48AB00EC1F97 /* Sources */,
				F3EC441D285A48AB00EC1F97 /* Frameworks */,
				F3EC441E285A48AB00EC1F97 /* Resources */,
			);
			buildRules = (
			);
			dependencies = (
				F3EC4422285A48AB00EC1F97 /* PBXTargetDependency */,
			);
			name = FlixterTests;
			productName = FlixterTests;
			productReference = F3EC4420285A48AB00EC1F97 /* FlixterTests.xctest */;
			productType = "com.apple.product-type.bundle.unit-test";
		};
		F3EC4429285A48AB00EC1F97 /* FlixterUITests */ = {
			isa = PBXNativeTarget;
			buildConfigurationList = F3EC443A285A48AB00EC1F97 /* Build configuration list for PBXNativeTarget "FlixterUITests" */;
			buildPhases = (
				59562D67AC027CBFE0705336 /* [CP] Check Pods Manifest.lock */,
				F3EC4426285A48AB00EC1F97 /* Sources */,
				F3EC4427285A48AB00EC1F97 /* Frameworks */,
				F3EC4428285A48AB00EC1F97 /* Resources */,
				CFCB343529B33885D81E0126 /* [CP] Embed Pods Frameworks */,
			);
			buildRules = (
			);
			dependencies = (
				F3EC442C285A48AB00EC1F97 /* PBXTargetDependency */,
			);
			name = FlixterUITests;
			productName = FlixterUITests;
			productReference = F3EC442A285A48AB00EC1F97 /* FlixterUITests.xctest */;
			productType = "com.apple.product-type.bundle.ui-testing";
		};
/* End PBXNativeTarget section */

/* Begin PBXProject section */
		F3EC43FD285A48A900EC1F97 /* Project object */ = {
			isa = PBXProject;
			attributes = {
				BuildIndependentTargetsInParallel = 1;
				LastUpgradeCheck = 1340;
				TargetAttributes = {
					F3EC4404285A48A900EC1F97 = {
						CreatedOnToolsVersion = 13.4.1;
					};
					F3EC441F285A48AB00EC1F97 = {
						CreatedOnToolsVersion = 13.4.1;
						TestTargetID = F3EC4404285A48A900EC1F97;
					};
					F3EC4429285A48AB00EC1F97 = {
						CreatedOnToolsVersion = 13.4.1;
						TestTargetID = F3EC4404285A48A900EC1F97;
					};
				};
			};
			buildConfigurationList = F3EC4400285A48A900EC1F97 /* Build configuration list for PBXProject "Flixter" */;
			compatibilityVersion = "Xcode 13.0";
			developmentRegion = en;
			hasScannedForEncodings = 0;
			knownRegions = (
				en,
				Base,
			);
			mainGroup = F3EC43FC285A48A900EC1F97;
			productRefGroup = F3EC4406285A48A900EC1F97 /* Products */;
			projectDirPath = "";
			projectRoot = "";
			targets = (
				F3EC4404285A48A900EC1F97 /* Flixter */,
				F3EC441F285A48AB00EC1F97 /* FlixterTests */,
				F3EC4429285A48AB00EC1F97 /* FlixterUITests */,
			);
		};
/* End PBXProject section */

/* Begin PBXResourcesBuildPhase section */
		F3EC4403285A48A900EC1F97 /* Resources */ = {
			isa = PBXResourcesBuildPhase;
			buildActionMask = 2147483647;
			files = (
				F3EC4418285A48AB00EC1F97 /* LaunchScreen.storyboard in Resources */,
				F3EC4415285A48AB00EC1F97 /* Assets.xcassets in Resources */,
				F3EC4413285A48A900EC1F97 /* Main.storyboard in Resources */,
			);
			runOnlyForDeploymentPostprocessing = 0;
		};
		F3EC441E285A48AB00EC1F97 /* Resources */ = {
			isa = PBXResourcesBuildPhase;
			buildActionMask = 2147483647;
			files = (
			);
			runOnlyForDeploymentPostprocessing = 0;
		};
		F3EC4428285A48AB00EC1F97 /* Resources */ = {
			isa = PBXResourcesBuildPhase;
			buildActionMask = 2147483647;
			files = (
			);
			runOnlyForDeploymentPostprocessing = 0;
		};
/* End PBXResourcesBuildPhase section */

/* Begin PBXShellScriptBuildPhase section */
		014CC721DA9861A12B088BAE /* [CP] Check Pods Manifest.lock */ = {
			isa = PBXShellScriptBuildPhase;
			buildActionMask = 2147483647;
			files = (
			);
			inputFileListPaths = (
			);
			inputPaths = (
				"${PODS_PODFILE_DIR_PATH}/Podfile.lock",
				"${PODS_ROOT}/Manifest.lock",
			);
			name = "[CP] Check Pods Manifest.lock";
			outputFileListPaths = (
			);
			outputPaths = (
				"$(DERIVED_FILE_DIR)/Pods-FlixterTests-checkManifestLockResult.txt",
			);
			runOnlyForDeploymentPostprocessing = 0;
			shellPath = /bin/sh;
			shellScript = "diff \"${PODS_PODFILE_DIR_PATH}/Podfile.lock\" \"${PODS_ROOT}/Manifest.lock\" > /dev/null\nif [ $? != 0 ] ; then\n    # print error to STDERR\n    echo \"error: The sandbox is not in sync with the Podfile.lock. Run 'pod install' or update your CocoaPods installation.\" >&2\n    exit 1\nfi\n# This output is used by Xcode 'outputs' to avoid re-running this script phase.\necho \"SUCCESS\" > \"${SCRIPT_OUTPUT_FILE_0}\"\n";
			showEnvVarsInLog = 0;
		};
		421F28A0F1F55206463E5068 /* [CP] Check Pods Manifest.lock */ = {
			isa = PBXShellScriptBuildPhase;
			buildActionMask = 2147483647;
			files = (
			);
			inputFileListPaths = (
			);
			inputPaths = (
				"${PODS_PODFILE_DIR_PATH}/Podfile.lock",
				"${PODS_ROOT}/Manifest.lock",
			);
			name = "[CP] Check Pods Manifest.lock";
			outputFileListPaths = (
			);
			outputPaths = (
				"$(DERIVED_FILE_DIR)/Pods-Flixter-checkManifestLockResult.txt",
			);
			runOnlyForDeploymentPostprocessing = 0;
			shellPath = /bin/sh;
			shellScript = "diff \"${PODS_PODFILE_DIR_PATH}/Podfile.lock\" \"${PODS_ROOT}/Manifest.lock\" > /dev/null\nif [ $? != 0 ] ; then\n    # print error to STDERR\n    echo \"error: The sandbox is not in sync with the Podfile.lock. Run 'pod install' or update your CocoaPods installation.\" >&2\n    exit 1\nfi\n# This output is used by Xcode 'outputs' to avoid re-running this script phase.\necho \"SUCCESS\" > \"${SCRIPT_OUTPUT_FILE_0}\"\n";
			showEnvVarsInLog = 0;
		};
		59562D67AC027CBFE0705336 /* [CP] Check Pods Manifest.lock */ = {
			isa = PBXShellScriptBuildPhase;
			buildActionMask = 2147483647;
			files = (
			);
			inputFileListPaths = (
			);
			inputPaths = (
				"${PODS_PODFILE_DIR_PATH}/Podfile.lock",
				"${PODS_ROOT}/Manifest.lock",
			);
			name = "[CP] Check Pods Manifest.lock";
			outputFileListPaths = (
			);
			outputPaths = (
				"$(DERIVED_FILE_DIR)/Pods-Flixter-FlixterUITests-checkManifestLockResult.txt",
			);
			runOnlyForDeploymentPostprocessing = 0;
			shellPath = /bin/sh;
			shellScript = "diff \"${PODS_PODFILE_DIR_PATH}/Podfile.lock\" \"${PODS_ROOT}/Manifest.lock\" > /dev/null\nif [ $? != 0 ] ; then\n    # print error to STDERR\n    echo \"error: The sandbox is not in sync with the Podfile.lock. Run 'pod install' or update your CocoaPods installation.\" >&2\n    exit 1\nfi\n# This output is used by Xcode 'outputs' to avoid re-running this script phase.\necho \"SUCCESS\" > \"${SCRIPT_OUTPUT_FILE_0}\"\n";
			showEnvVarsInLog = 0;
		};
		B3496861EE90FC16AAFFDF29 /* [CP] Embed Pods Frameworks */ = {
			isa = PBXShellScriptBuildPhase;
			buildActionMask = 2147483647;
			files = (
			);
			inputFileListPaths = (
				"${PODS_ROOT}/Target Support Files/Pods-Flixter/Pods-Flixter-frameworks-${CONFIGURATION}-input-files.xcfilelist",
			);
			name = "[CP] Embed Pods Frameworks";
			outputFileListPaths = (
				"${PODS_ROOT}/Target Support Files/Pods-Flixter/Pods-Flixter-frameworks-${CONFIGURATION}-output-files.xcfilelist",
			);
			runOnlyForDeploymentPostprocessing = 0;
			shellPath = /bin/sh;
			shellScript = "\"${PODS_ROOT}/Target Support Files/Pods-Flixter/Pods-Flixter-frameworks.sh\"\n";
			showEnvVarsInLog = 0;
		};
		CFCB343529B33885D81E0126 /* [CP] Embed Pods Frameworks */ = {
			isa = PBXShellScriptBuildPhase;
			buildActionMask = 2147483647;
			files = (
			);
			inputFileListPaths = (
				"${PODS_ROOT}/Target Support Files/Pods-Flixter-FlixterUITests/Pods-Flixter-FlixterUITests-frameworks-${CONFIGURATION}-input-files.xcfilelist",
			);
			name = "[CP] Embed Pods Frameworks";
			outputFileListPaths = (
				"${PODS_ROOT}/Target Support Files/Pods-Flixter-FlixterUITests/Pods-Flixter-FlixterUITests-frameworks-${CONFIGURATION}-output-files.xcfilelist",
			);
			runOnlyForDeploymentPostprocessing = 0;
			shellPath = /bin/sh;
			shellScript = "\"${PODS_ROOT}/Target Support Files/Pods-Flixter-FlixterUITests/Pods-Flixter-FlixterUITests-frameworks.sh\"\n";
			showEnvVarsInLog = 0;
		};
/* End PBXShellScriptBuildPhase section */

/* Begin PBXSourcesBuildPhase section */
		F3EC4401285A48A900EC1F97 /* Sources */ = {
			isa = PBXSourcesBuildPhase;
			buildActionMask = 2147483647;
			files = (
				F3E36A7A285D002800748940 /* InfoPageViewController.m in Sources */,
				F3FBFA24285CE9F400EE309D /* MovieCell.m in Sources */,
				F33BC0BA2860EBAF00B6EF2F /* ViewController.m in Sources */,
				F303F51C285D44C200920069 /* CollectionViewMovieCell.m in Sources */,
				F3EC440A285A48A900EC1F97 /* AppDelegate.m in Sources */,
				F303F519285D435E00920069 /* MovieCollectionViewController.m in Sources */,
				F3EC441B285A48AB00EC1F97 /* main.m in Sources */,
				F3EC440D285A48A900EC1F97 /* SceneDelegate.m in Sources */,
			);
			runOnlyForDeploymentPostprocessing = 0;
		};
		F3EC441C285A48AB00EC1F97 /* Sources */ = {
			isa = PBXSourcesBuildPhase;
			buildActionMask = 2147483647;
			files = (
				F3EC4425285A48AB00EC1F97 /* FlixterTests.m in Sources */,
			);
			runOnlyForDeploymentPostprocessing = 0;
		};
		F3EC4426285A48AB00EC1F97 /* Sources */ = {
			isa = PBXSourcesBuildPhase;
			buildActionMask = 2147483647;
			files = (
				F3EC442F285A48AB00EC1F97 /* FlixterUITests.m in Sources */,
				F3EC4431285A48AB00EC1F97 /* FlixterUITestsLaunchTests.m in Sources */,
			);
			runOnlyForDeploymentPostprocessing = 0;
		};
/* End PBXSourcesBuildPhase section */

/* Begin PBXTargetDependency section */
		F3EC4422285A48AB00EC1F97 /* PBXTargetDependency */ = {
			isa = PBXTargetDependency;
			target = F3EC4404285A48A900EC1F97 /* Flixter */;
			targetProxy = F3EC4421285A48AB00EC1F97 /* PBXContainerItemProxy */;
		};
		F3EC442C285A48AB00EC1F97 /* PBXTargetDependency */ = {
			isa = PBXTargetDependency;
			target = F3EC4404285A48A900EC1F97 /* Flixter */;
			targetProxy = F3EC442B285A48AB00EC1F97 /* PBXContainerItemProxy */;
		};
/* End PBXTargetDependency section */

/* Begin PBXVariantGroup section */
		F3EC4411285A48A900EC1F97 /* Main.storyboard */ = {
			isa = PBXVariantGroup;
			children = (
				F3EC4412285A48A900EC1F97 /* Base */,
			);
			name = Main.storyboard;
			sourceTree = "<group>";
		};
		F3EC4416285A48AB00EC1F97 /* LaunchScreen.storyboard */ = {
			isa = PBXVariantGroup;
			children = (
				F3EC4417285A48AB00EC1F97 /* Base */,
			);
			name = LaunchScreen.storyboard;
			sourceTree = "<group>";
		};
/* End PBXVariantGroup section */

/* Begin XCBuildConfiguration section */
		F3EC4432285A48AB00EC1F97 /* Debug */ = {
			isa = XCBuildConfiguration;
			buildSettings = {
				ALWAYS_SEARCH_USER_PATHS = NO;
				CLANG_ANALYZER_NONNULL = YES;
				CLANG_ANALYZER_NUMBER_OBJECT_CONVERSION = YES_AGGRESSIVE;
				CLANG_CXX_LANGUAGE_STANDARD = "gnu++17";
				CLANG_ENABLE_MODULES = YES;
				CLANG_ENABLE_OBJC_ARC = YES;
				CLANG_ENABLE_OBJC_WEAK = YES;
				CLANG_WARN_BLOCK_CAPTURE_AUTORELEASING = YES;
				CLANG_WARN_BOOL_CONVERSION = YES;
				CLANG_WARN_COMMA = YES;
				CLANG_WARN_CONSTANT_CONVERSION = YES;
				CLANG_WARN_DEPRECATED_OBJC_IMPLEMENTATIONS = YES;
				CLANG_WARN_DIRECT_OBJC_ISA_USAGE = YES_ERROR;
				CLANG_WARN_DOCUMENTATION_COMMENTS = YES;
				CLANG_WARN_EMPTY_BODY = YES;
				CLANG_WARN_ENUM_CONVERSION = YES;
				CLANG_WARN_INFINITE_RECURSION = YES;
				CLANG_WARN_INT_CONVERSION = YES;
				CLANG_WARN_NON_LITERAL_NULL_CONVERSION = YES;
				CLANG_WARN_OBJC_IMPLICIT_RETAIN_SELF = YES;
				CLANG_WARN_OBJC_LITERAL_CONVERSION = YES;
				CLANG_WARN_OBJC_ROOT_CLASS = YES_ERROR;
				CLANG_WARN_QUOTED_INCLUDE_IN_FRAMEWORK_HEADER = YES;
				CLANG_WARN_RANGE_LOOP_ANALYSIS = YES;
				CLANG_WARN_STRICT_PROTOTYPES = YES;
				CLANG_WARN_SUSPICIOUS_MOVE = YES;
				CLANG_WARN_UNGUARDED_AVAILABILITY = YES_AGGRESSIVE;
				CLANG_WARN_UNREACHABLE_CODE = YES;
				CLANG_WARN__DUPLICATE_METHOD_MATCH = YES;
				COPY_PHASE_STRIP = NO;
				DEBUG_INFORMATION_FORMAT = dwarf;
				ENABLE_STRICT_OBJC_MSGSEND = YES;
				ENABLE_TESTABILITY = YES;
				GCC_C_LANGUAGE_STANDARD = gnu11;
				GCC_DYNAMIC_NO_PIC = NO;
				GCC_NO_COMMON_BLOCKS = YES;
				GCC_OPTIMIZATION_LEVEL = 0;
				GCC_PREPROCESSOR_DEFINITIONS = (
					"DEBUG=1",
					"$(inherited)",
				);
				GCC_WARN_64_TO_32_BIT_CONVERSION = YES;
				GCC_WARN_ABOUT_RETURN_TYPE = YES_ERROR;
				GCC_WARN_UNDECLARED_SELECTOR = YES;
				GCC_WARN_UNINITIALIZED_AUTOS = YES_AGGRESSIVE;
				GCC_WARN_UNUSED_FUNCTION = YES;
				GCC_WARN_UNUSED_VARIABLE = YES;
				IPHONEOS_DEPLOYMENT_TARGET = 15.5;
				MTL_ENABLE_DEBUG_INFO = INCLUDE_SOURCE;
				MTL_FAST_MATH = YES;
				ONLY_ACTIVE_ARCH = YES;
				SDKROOT = iphoneos;
			};
			name = Debug;
		};
		F3EC4433285A48AB00EC1F97 /* Release */ = {
			isa = XCBuildConfiguration;
			buildSettings = {
				ALWAYS_SEARCH_USER_PATHS = NO;
				CLANG_ANALYZER_NONNULL = YES;
				CLANG_ANALYZER_NUMBER_OBJECT_CONVERSION = YES_AGGRESSIVE;
				CLANG_CXX_LANGUAGE_STANDARD = "gnu++17";
				CLANG_ENABLE_MODULES = YES;
				CLANG_ENABLE_OBJC_ARC = YES;
				CLANG_ENABLE_OBJC_WEAK = YES;
				CLANG_WARN_BLOCK_CAPTURE_AUTORELEASING = YES;
				CLANG_WARN_BOOL_CONVERSION = YES;
				CLANG_WARN_COMMA = YES;
				CLANG_WARN_CONSTANT_CONVERSION = YES;
				CLANG_WARN_DEPRECATED_OBJC_IMPLEMENTATIONS = YES;
				CLANG_WARN_DIRECT_OBJC_ISA_USAGE = YES_ERROR;
				CLANG_WARN_DOCUMENTATION_COMMENTS = YES;
				CLANG_WARN_EMPTY_BODY = YES;
				CLANG_WARN_ENUM_CONVERSION = YES;
				CLANG_WARN_INFINITE_RECURSION = YES;
				CLANG_WARN_INT_CONVERSION = YES;
				CLANG_WARN_NON_LITERAL_NULL_CONVERSION = YES;
				CLANG_WARN_OBJC_IMPLICIT_RETAIN_SELF = YES;
				CLANG_WARN_OBJC_LITERAL_CONVERSION = YES;
				CLANG_WARN_OBJC_ROOT_CLASS = YES_ERROR;
				CLANG_WARN_QUOTED_INCLUDE_IN_FRAMEWORK_HEADER = YES;
				CLANG_WARN_RANGE_LOOP_ANALYSIS = YES;
				CLANG_WARN_STRICT_PROTOTYPES = YES;
				CLANG_WARN_SUSPICIOUS_MOVE = YES;
				CLANG_WARN_UNGUARDED_AVAILABILITY = YES_AGGRESSIVE;
				CLANG_WARN_UNREACHABLE_CODE = YES;
				CLANG_WARN__DUPLICATE_METHOD_MATCH = YES;
				COPY_PHASE_STRIP = NO;
				DEBUG_INFORMATION_FORMAT = "dwarf-with-dsym";
				ENABLE_NS_ASSERTIONS = NO;
				ENABLE_STRICT_OBJC_MSGSEND = YES;
				GCC_C_LANGUAGE_STANDARD = gnu11;
				GCC_NO_COMMON_BLOCKS = YES;
				GCC_WARN_64_TO_32_BIT_CONVERSION = YES;
				GCC_WARN_ABOUT_RETURN_TYPE = YES_ERROR;
				GCC_WARN_UNDECLARED_SELECTOR = YES;
				GCC_WARN_UNINITIALIZED_AUTOS = YES_AGGRESSIVE;
				GCC_WARN_UNUSED_FUNCTION = YES;
				GCC_WARN_UNUSED_VARIABLE = YES;
				IPHONEOS_DEPLOYMENT_TARGET = 15.5;
				MTL_ENABLE_DEBUG_INFO = NO;
				MTL_FAST_MATH = YES;
				SDKROOT = iphoneos;
				VALIDATE_PRODUCT = YES;
			};
			name = Release;
		};
		F3EC4435285A48AB00EC1F97 /* Debug */ = {
			isa = XCBuildConfiguration;
			baseConfigurationReference = 5AA50C01C23C54DC21D9E457 /* Pods-Flixter.debug.xcconfig */;
			buildSettings = {
				ASSETCATALOG_COMPILER_APPICON_NAME = AppIcon;
				ASSETCATALOG_COMPILER_GLOBAL_ACCENT_COLOR_NAME = AccentColor;
				CODE_SIGN_STYLE = Automatic;
				CURRENT_PROJECT_VERSION = 1;
				GENERATE_INFOPLIST_FILE = YES;
				INFOPLIST_FILE = Flixter/Info.plist;
				INFOPLIST_KEY_UIApplicationSupportsIndirectInputEvents = YES;
				INFOPLIST_KEY_UILaunchStoryboardName = LaunchScreen;
				INFOPLIST_KEY_UIMainStoryboardFile = Main;
				INFOPLIST_KEY_UISupportedInterfaceOrientations_iPad = "UIInterfaceOrientationPortrait UIInterfaceOrientationPortraitUpsideDown UIInterfaceOrientationLandscapeLeft UIInterfaceOrientationLandscapeRight";
				INFOPLIST_KEY_UISupportedInterfaceOrientations_iPhone = "UIInterfaceOrientationPortrait UIInterfaceOrientationLandscapeLeft UIInterfaceOrientationLandscapeRight";
				LD_RUNPATH_SEARCH_PATHS = (
					"$(inherited)",
					"@executable_path/Frameworks",
				);
				MARKETING_VERSION = 1.0;
				PRODUCT_BUNDLE_IDENTIFIER = com.mylesblock.Flixter;
				PRODUCT_NAME = "$(TARGET_NAME)";
				SWIFT_EMIT_LOC_STRINGS = YES;
				TARGETED_DEVICE_FAMILY = "1,2";
			};
			name = Debug;
		};
		F3EC4436285A48AB00EC1F97 /* Release */ = {
			isa = XCBuildConfiguration;
			baseConfigurationReference = 48CF6B74D00EFDA6078B3A1A /* Pods-Flixter.release.xcconfig */;
			buildSettings = {
				ASSETCATALOG_COMPILER_APPICON_NAME = AppIcon;
				ASSETCATALOG_COMPILER_GLOBAL_ACCENT_COLOR_NAME = AccentColor;
				CODE_SIGN_STYLE = Automatic;
				CURRENT_PROJECT_VERSION = 1;
				GENERATE_INFOPLIST_FILE = YES;
				INFOPLIST_FILE = Flixter/Info.plist;
				INFOPLIST_KEY_UIApplicationSupportsIndirectInputEvents = YES;
				INFOPLIST_KEY_UILaunchStoryboardName = LaunchScreen;
				INFOPLIST_KEY_UIMainStoryboardFile = Main;
				INFOPLIST_KEY_UISupportedInterfaceOrientations_iPad = "UIInterfaceOrientationPortrait UIInterfaceOrientationPortraitUpsideDown UIInterfaceOrientationLandscapeLeft UIInterfaceOrientationLandscapeRight";
				INFOPLIST_KEY_UISupportedInterfaceOrientations_iPhone = "UIInterfaceOrientationPortrait UIInterfaceOrientationLandscapeLeft UIInterfaceOrientationLandscapeRight";
				LD_RUNPATH_SEARCH_PATHS = (
					"$(inherited)",
					"@executable_path/Frameworks",
				);
				MARKETING_VERSION = 1.0;
				PRODUCT_BUNDLE_IDENTIFIER = com.mylesblock.Flixter;
				PRODUCT_NAME = "$(TARGET_NAME)";
				SWIFT_EMIT_LOC_STRINGS = YES;
				TARGETED_DEVICE_FAMILY = "1,2";
			};
			name = Release;
		};
		F3EC4438285A48AB00EC1F97 /* Debug */ = {
			isa = XCBuildConfiguration;
			baseConfigurationReference = 0A8C1EF3FA3D6E578982291F /* Pods-FlixterTests.debug.xcconfig */;
			buildSettings = {
				BUNDLE_LOADER = "$(TEST_HOST)";
				CODE_SIGN_STYLE = Automatic;
				CURRENT_PROJECT_VERSION = 1;
				GENERATE_INFOPLIST_FILE = YES;
				IPHONEOS_DEPLOYMENT_TARGET = 15.5;
				MARKETING_VERSION = 1.0;
				PRODUCT_BUNDLE_IDENTIFIER = com.mylesblock.FlixterTests;
				PRODUCT_NAME = "$(TARGET_NAME)";
				SWIFT_EMIT_LOC_STRINGS = NO;
				TARGETED_DEVICE_FAMILY = "1,2";
				TEST_HOST = "$(BUILT_PRODUCTS_DIR)/Flixter.app/Flixter";
			};
			name = Debug;
		};
		F3EC4439285A48AB00EC1F97 /* Release */ = {
			isa = XCBuildConfiguration;
			baseConfigurationReference = 15D1C0A90C8575DA46646333 /* Pods-FlixterTests.release.xcconfig */;
			buildSettings = {
				BUNDLE_LOADER = "$(TEST_HOST)";
				CODE_SIGN_STYLE = Automatic;
				CURRENT_PROJECT_VERSION = 1;
				GENERATE_INFOPLIST_FILE = YES;
				IPHONEOS_DEPLOYMENT_TARGET = 15.5;
				MARKETING_VERSION = 1.0;
				PRODUCT_BUNDLE_IDENTIFIER = com.mylesblock.FlixterTests;
				PRODUCT_NAME = "$(TARGET_NAME)";
				SWIFT_EMIT_LOC_STRINGS = NO;
				TARGETED_DEVICE_FAMILY = "1,2";
				TEST_HOST = "$(BUILT_PRODUCTS_DIR)/Flixter.app/Flixter";
			};
			name = Release;
		};
		F3EC443B285A48AB00EC1F97 /* Debug */ = {
			isa = XCBuildConfiguration;
			baseConfigurationReference = 572FF28F9E4D8C4E0476CE19 /* Pods-Flixter-FlixterUITests.debug.xcconfig */;
			buildSettings = {
				CODE_SIGN_STYLE = Automatic;
				CURRENT_PROJECT_VERSION = 1;
				GENERATE_INFOPLIST_FILE = YES;
				MARKETING_VERSION = 1.0;
				PRODUCT_BUNDLE_IDENTIFIER = com.mylesblock.FlixterUITests;
				PRODUCT_NAME = "$(TARGET_NAME)";
				SWIFT_EMIT_LOC_STRINGS = NO;
				TARGETED_DEVICE_FAMILY = "1,2";
				TEST_TARGET_NAME = Flixter;
			};
			name = Debug;
		};
		F3EC443C285A48AB00EC1F97 /* Release */ = {
			isa = XCBuildConfiguration;
			baseConfigurationReference = F6D8E757B91564E4E5DE6228 /* Pods-Flixter-FlixterUITests.release.xcconfig */;
			buildSettings = {
				CODE_SIGN_STYLE = Automatic;
				CURRENT_PROJECT_VERSION = 1;
				GENERATE_INFOPLIST_FILE = YES;
				MARKETING_VERSION = 1.0;
				PRODUCT_BUNDLE_IDENTIFIER = com.mylesblock.FlixterUITests;
				PRODUCT_NAME = "$(TARGET_NAME)";
				SWIFT_EMIT_LOC_STRINGS = NO;
				TARGETED_DEVICE_FAMILY = "1,2";
				TEST_TARGET_NAME = Flixter;
			};
			name = Release;
		};
/* End XCBuildConfiguration section */

/* Begin XCConfigurationList section */
		F3EC4400285A48A900EC1F97 /* Build configuration list for PBXProject "Flixter" */ = {
			isa = XCConfigurationList;
			buildConfigurations = (
				F3EC4432285A48AB00EC1F97 /* Debug */,
				F3EC4433285A48AB00EC1F97 /* Release */,
			);
			defaultConfigurationIsVisible = 0;
			defaultConfigurationName = Release;
		};
		F3EC4434285A48AB00EC1F97 /* Build configuration list for PBXNativeTarget "Flixter" */ = {
			isa = XCConfigurationList;
			buildConfigurations = (
				F3EC4435285A48AB00EC1F97 /* Debug */,
				F3EC4436285A48AB00EC1F97 /* Release */,
			);
			defaultConfigurationIsVisible = 0;
			defaultConfigurationName = Release;
		};
		F3EC4437285A48AB00EC1F97 /* Build configuration list for PBXNativeTarget "FlixterTests" */ = {
			isa = XCConfigurationList;
			buildConfigurations = (
				F3EC4438285A48AB00EC1F97 /* Debug */,
				F3EC4439285A48AB00EC1F97 /* Release */,
			);
			defaultConfigurationIsVisible = 0;
			defaultConfigurationName = Release;
		};
		F3EC443A285A48AB00EC1F97 /* Build configuration list for PBXNativeTarget "FlixterUITests" */ = {
			isa = XCConfigurationList;
			buildConfigurations = (
				F3EC443B285A48AB00EC1F97 /* Debug */,
				F3EC443C285A48AB00EC1F97 /* Release */,
			);
			defaultConfigurationIsVisible = 0;
			defaultConfigurationName = Release;
		};
/* End XCConfigurationList section */
	};
	rootObject = F3EC43FD285A48A900EC1F97 /* Project object */;
}
